{
  "name": "api-gen",
  "version": "1.0.0",
  "lockfileVersion": 3,
  "requires": true,
  "packages": {
    "": {
      "name": "api-gen",
      "version": "1.0.0",
      "license": "ISC",
      "dependencies": {
        "@effect/schema": "^0.71.1",
        "effect": "^3.6.5",
        "typescript": "^5.5.4",
        "yaml": "^2.5.0"
      },
      "devDependencies": {
        "@types/node": "^22.5.1"
      }
    },
    "node_modules/@effect/schema": {
      "version": "0.71.1",
      "resolved": "https://registry.npmjs.org/@effect/schema/-/schema-0.71.1.tgz",
      "integrity": "sha512-XvFttkuBUL3s4ofZ+OVE4Pagb4wsPG8laSS8iO5lVI9Yt1zIM49uxlYIA2BJ45jjS3MdplUepC0NilotKnjU2A==",
      "dependencies": {
        "fast-check": "^3.21.0"
      },
      "peerDependencies": {
        "effect": "^3.6.5"
      }
    },
    "node_modules/@types/node": {
      "version": "22.5.1",
      "resolved": "https://registry.npmjs.org/@types/node/-/node-22.5.1.tgz",
      "integrity": "sha512-KkHsxej0j9IW1KKOOAA/XBA0z08UFSrRQHErzEfA3Vgq57eXIMYboIlHJuYIfd+lwCQjtKqUu3UnmKbtUc9yRw==",
      "dev": true,
      "dependencies": {
        "undici-types": "~6.19.2"
      }
    },
    "node_modules/effect": {
      "version": "3.6.5",
      "resolved": "https://registry.npmjs.org/effect/-/effect-3.6.5.tgz",
      "integrity": "sha512-NhopZTAKljaAlR0CEroOAJJngdqg7bzlnWcDrCwh4d2WNVohVbBtUS4SGqLt8tUy7IFsTWATYiUtmhDG+YELjA=="
    },
    "node_modules/fast-check": {
      "version": "3.21.0",
      "resolved": "https://registry.npmjs.org/fast-check/-/fast-check-3.21.0.tgz",
      "integrity": "sha512-QpmbiqRFRZ+SIlBJh6xi5d/PgXciUc/xWKc4Vi2RWEHHIRx6oM3f0fWNna++zP9VB5HUBTObUK9gTKQP3vVcrQ==",
      "funding": [
        {
          "type": "individual",
          "url": "https://github.com/sponsors/dubzzz"
        },
        {
          "type": "opencollective",
          "url": "https://opencollective.com/fast-check"
        }
      ],
      "dependencies": {
        "pure-rand": "^6.1.0"
      },
      "engines": {
        "node": ">=8.0.0"
      }
    },
    "node_modules/pure-rand": {
      "version": "6.1.0",
      "resolved": "https://registry.npmjs.org/pure-rand/-/pure-rand-6.1.0.tgz",
      "integrity": "sha512-bVWawvoZoBYpp6yIoQtQXHZjmz35RSVHnUOTefl8Vcjr8snTPY1wnpSPMWekcFwbxI6gtmT7rSYPFvz71ldiOA==",
      "funding": [
        {
          "type": "individual",
          "url": "https://github.com/sponsors/dubzzz"
        },
        {
          "type": "opencollective",
          "url": "https://opencollective.com/fast-check"
        }
      ]
    },
    "node_modules/typescript": {
      "version": "5.5.4",
      "resolved": "https://registry.npmjs.org/typescript/-/typescript-5.5.4.tgz",
      "integrity": "sha512-Mtq29sKDAEYP7aljRgtPOpTvOfbwRWlS6dPRzwjdE+C0R4brX/GUyhHSecbHMFLNBLcJIPt9nl9yG5TZ1weH+Q==",
      "bin": {
        "tsc": "bin/tsc",
        "tsserver": "bin/tsserver"
      },
      "engines": {
        "node": ">=14.17"
      }
    },
    "node_modules/undici-types": {
      "version": "6.19.8",
      "resolved": "https://registry.npmjs.org/undici-types/-/undici-types-6.19.8.tgz",
      "integrity": "sha512-ve2KP6f/JnbPBFyobGHuerC9g1FYGn/F8n1LWTwNxCEzd6IfqTwUQcNXgEtmmQ6DlRrC1hrSrBnCZPokRrDHjw==",
      "dev": true
    },
    "node_modules/yaml": {
      "version": "2.5.0",
      "resolved": "https://registry.npmjs.org/yaml/-/yaml-2.5.0.tgz",
      "integrity": "sha512-2wWLbGbYDiSqqIKoPjar3MPgB94ErzCtrNE1FdqGuaO0pi2JGjmE8aW8TDZwzU7vuxcGRdL/4gPQwQ7hD5AMSw==",
      "bin": {
        "yaml": "bin.mjs"
      },
      "engines": {
        "node": ">= 14"
      }
    }
  }
}
